lockfileVersion: '6.0'

dependencies:
  dayjs:
    specifier: ^1.11.13
    version: 1.11.13
  lodash-es:
    specifier: ^4.17.21
    version: 4.17.21
  object.is:
    specifier: ^1.0.0
    version: 1.0.0

packages:

  /dayjs@1.11.13:
    resolution: {integrity: sha512-oaMBel6gjolK862uaPQOVTA7q3TZhuSvuMQAAglQDOWYO9A91IrAOUJEyKVlqJlHE0vq5p5UXxzdPfMH/x6xNg==}
    dev: false

  /lodash-es@4.17.21:
    resolution: {integrity: sha512-mKnC+QJ9pWVzv+C4/U3rRsHapFfHvQFoFB92e52xeyGMcX6/OlIl78je1u8vePzYZSkkogMPJ2yjxxsb89cxyw==}
    dev: false

  /object.is@1.0.0:
    resolution: {integrity: sha512-VaXXmnvWwzRFSQlQ7tf4KRyduZI5TQz0srPYHExglq+7ZyRmejgRBDWuywRxL8Murgcffovuza5ge2sylvk0XQ==}
    dev: false
